// !$*UTF8*$!
{
	archiveVersion = 1;
	classes = {
	};
	objectVersion = 46;
	objects = {

/* Begin PBXBuildFile section */
		8C1570CF1C03DBBC00D99382 /* MWUser.m in Sources */ = {isa = PBXBuildFile; fileRef = 8C1570CE1C03DBBC00D99382 /* MWUser.m */; };
		8C3CFA1B1BFFCCDD00CF308E /* MWLoginViewController.m in Sources */ = {isa = PBXBuildFile; fileRef = 8C3CFA1A1BFFCCDD00CF308E /* MWLoginViewController.m */; };
		8C3CFA1E1BFFD17F00CF308E /* MWSignUpViewController.m in Sources */ = {isa = PBXBuildFile; fileRef = 8C3CFA1D1BFFD17F00CF308E /* MWSignUpViewController.m */; };
		8C4197151C0CD0B800016BA0 /* MainQuestionTableViewController.m in Sources */ = {isa = PBXBuildFile; fileRef = 8C4197141C0CD0B800016BA0 /* MainQuestionTableViewController.m */; };
		8C4197181C0CF7A600016BA0 /* MWTableViewCell.m in Sources */ = {isa = PBXBuildFile; fileRef = 8C4197171C0CF7A600016BA0 /* MWTableViewCell.m */; };
		8C41971E1C0E4CFD00016BA0 /* QuestionDetailViewController.m in Sources */ = {isa = PBXBuildFile; fileRef = 8C41971D1C0E4CFD00016BA0 /* QuestionDetailViewController.m */; };
		8C5DD9A41BFFAE3000FE103F /* Social.framework in Frameworks */ = {isa = PBXBuildFile; fileRef = 8C5DD9A31BFFAE3000FE103F /* Social.framework */; };
		8C5DD9A61BFFAE3A00FE103F /* Accounts.framework in Frameworks */ = {isa = PBXBuildFile; fileRef = 8C5DD9A51BFFAE3A00FE103F /* Accounts.framework */; };
		8C77BB6A1BFFA1AA002F6645 /* main.m in Sources */ = {isa = PBXBuildFile; fileRef = 8C77BB691BFFA1AA002F6645 /* main.m */; };
		8C77BB6D1BFFA1AA002F6645 /* AppDelegate.m in Sources */ = {isa = PBXBuildFile; fileRef = 8C77BB6C1BFFA1AA002F6645 /* AppDelegate.m */; };
		8C77BB731BFFA1AB002F6645 /* Main.storyboard in Resources */ = {isa = PBXBuildFile; fileRef = 8C77BB711BFFA1AB002F6645 /* Main.storyboard */; };
		8C77BB751BFFA1AB002F6645 /* Assets.xcassets in Resources */ = {isa = PBXBuildFile; fileRef = 8C77BB741BFFA1AB002F6645 /* Assets.xcassets */; };
		8C77BB781BFFA1AB002F6645 /* LaunchScreen.storyboard in Resources */ = {isa = PBXBuildFile; fileRef = 8C77BB761BFFA1AB002F6645 /* LaunchScreen.storyboard */; };
		8C77BB831BFFA1AB002F6645 /* QueryMeTests.m in Sources */ = {isa = PBXBuildFile; fileRef = 8C77BB821BFFA1AB002F6645 /* QueryMeTests.m */; };
		8C77BB8E1BFFA1AB002F6645 /* QueryMeUITests.m in Sources */ = {isa = PBXBuildFile; fileRef = 8C77BB8D1BFFA1AB002F6645 /* QueryMeUITests.m */; };
		8C77BBA91BFFA2BE002F6645 /* AudioToolbox.framework in Frameworks */ = {isa = PBXBuildFile; fileRef = 8C77BBA81BFFA2BE002F6645 /* AudioToolbox.framework */; };
		8C77BBAB1BFFA2C6002F6645 /* CFNetwork.framework in Frameworks */ = {isa = PBXBuildFile; fileRef = 8C77BBAA1BFFA2C6002F6645 /* CFNetwork.framework */; };
		8C77BBAD1BFFA2E9002F6645 /* CoreGraphics.framework in Frameworks */ = {isa = PBXBuildFile; fileRef = 8C77BBAC1BFFA2E9002F6645 /* CoreGraphics.framework */; };
		8C77BBAF1BFFA2EF002F6645 /* CoreLocation.framework in Frameworks */ = {isa = PBXBuildFile; fileRef = 8C77BBAE1BFFA2EF002F6645 /* CoreLocation.framework */; };
		8C77BBB11BFFA2F7002F6645 /* QuartzCore.framework in Frameworks */ = {isa = PBXBuildFile; fileRef = 8C77BBB01BFFA2F7002F6645 /* QuartzCore.framework */; };
		8C77BBB31BFFA300002F6645 /* Security.framework in Frameworks */ = {isa = PBXBuildFile; fileRef = 8C77BBB21BFFA300002F6645 /* Security.framework */; };
		8C77BBB71BFFA310002F6645 /* SystemConfiguration.framework in Frameworks */ = {isa = PBXBuildFile; fileRef = 8C77BBB61BFFA310002F6645 /* SystemConfiguration.framework */; };
		8C77BBB91BFFA31C002F6645 /* libz.tbd in Frameworks */ = {isa = PBXBuildFile; fileRef = 8C77BBB81BFFA31C002F6645 /* libz.tbd */; };
		8C77BBBB1BFFA325002F6645 /* libsqlite3.tbd in Frameworks */ = {isa = PBXBuildFile; fileRef = 8C77BBBA1BFFA325002F6645 /* libsqlite3.tbd */; };
		DC260399E66A35F186E8A958 /* libPods-QueryMe.a in Frameworks */ = {isa = PBXBuildFile; fileRef = B18B07BE6F94099A12550FA8 /* libPods-QueryMe.a */; };
/* End PBXBuildFile section */

/* Begin PBXContainerItemProxy section */
		8C77BB7F1BFFA1AB002F6645 /* PBXContainerItemProxy */ = {
			isa = PBXContainerItemProxy;
			containerPortal = 8C77BB5D1BFFA1AA002F6645 /* Project object */;
			proxyType = 1;
			remoteGlobalIDString = 8C77BB641BFFA1AA002F6645;
			remoteInfo = QueryMe;
		};
		8C77BB8A1BFFA1AB002F6645 /* PBXContainerItemProxy */ = {
			isa = PBXContainerItemProxy;
			containerPortal = 8C77BB5D1BFFA1AA002F6645 /* Project object */;
			proxyType = 1;
			remoteGlobalIDString = 8C77BB641BFFA1AA002F6645;
			remoteInfo = QueryMe;
		};
/* End PBXContainerItemProxy section */

/* Begin PBXFileReference section */
		35B45C64662B547683952D02 /* Pods-QueryMe.debug.xcconfig */ = {isa = PBXFileReference; includeInIndex = 1; lastKnownFileType = text.xcconfig; name = "Pods-QueryMe.debug.xcconfig"; path = "Pods/Target Support Files/Pods-QueryMe/Pods-QueryMe.debug.xcconfig"; sourceTree = "<group>"; };
		7AD4BBCB54BE7DF68A6D7501 /* Pods-QueryMe.release.xcconfig */ = {isa = PBXFileReference; includeInIndex = 1; lastKnownFileType = text.xcconfig; name = "Pods-QueryMe.release.xcconfig"; path = "Pods/Target Support Files/Pods-QueryMe/Pods-QueryMe.release.xcconfig"; sourceTree = "<group>"; };
		8C1570CD1C03DBBC00D99382 /* MWUser.h */ = {isa = PBXFileReference; fileEncoding = 4; lastKnownFileType = sourcecode.c.h; path = MWUser.h; sourceTree = "<group>"; };
		8C1570CE1C03DBBC00D99382 /* MWUser.m */ = {isa = PBXFileReference; fileEncoding = 4; lastKnownFileType = sourcecode.c.objc; path = MWUser.m; sourceTree = "<group>"; };
		8C3CFA191BFFCCDD00CF308E /* MWLoginViewController.h */ = {isa = PBXFileReference; fileEncoding = 4; lastKnownFileType = sourcecode.c.h; path = MWLoginViewController.h; sourceTree = "<group>"; };
		8C3CFA1A1BFFCCDD00CF308E /* MWLoginViewController.m */ = {isa = PBXFileReference; fileEncoding = 4; lastKnownFileType = sourcecode.c.objc; path = MWLoginViewController.m; sourceTree = "<group>"; };
		8C3CFA1C1BFFD17F00CF308E /* MWSignUpViewController.h */ = {isa = PBXFileReference; fileEncoding = 4; lastKnownFileType = sourcecode.c.h; path = MWSignUpViewController.h; sourceTree = "<group>"; };
		8C3CFA1D1BFFD17F00CF308E /* MWSignUpViewController.m */ = {isa = PBXFileReference; fileEncoding = 4; lastKnownFileType = sourcecode.c.objc; path = MWSignUpViewController.m; sourceTree = "<group>"; };
		8C4197131C0CD0B800016BA0 /* MainQuestionTableViewController.h */ = {isa = PBXFileReference; fileEncoding = 4; lastKnownFileType = sourcecode.c.h; path = MainQuestionTableViewController.h; sourceTree = "<group>"; };
		8C4197141C0CD0B800016BA0 /* MainQuestionTableViewController.m */ = {isa = PBXFileReference; fileEncoding = 4; lastKnownFileType = sourcecode.c.objc; path = MainQuestionTableViewController.m; sourceTree = "<group>"; };
		8C4197161C0CF7A600016BA0 /* MWTableViewCell.h */ = {isa = PBXFileReference; fileEncoding = 4; lastKnownFileType = sourcecode.c.h; path = MWTableViewCell.h; sourceTree = "<group>"; };
		8C4197171C0CF7A600016BA0 /* MWTableViewCell.m */ = {isa = PBXFileReference; fileEncoding = 4; lastKnownFileType = sourcecode.c.objc; path = MWTableViewCell.m; sourceTree = "<group>"; };
		8C41971C1C0E4CFD00016BA0 /* QuestionDetailViewController.h */ = {isa = PBXFileReference; fileEncoding = 4; lastKnownFileType = sourcecode.c.h; path = QuestionDetailViewController.h; sourceTree = "<group>"; };
		8C41971D1C0E4CFD00016BA0 /* QuestionDetailViewController.m */ = {isa = PBXFileReference; fileEncoding = 4; lastKnownFileType = sourcecode.c.objc; path = QuestionDetailViewController.m; sourceTree = "<group>"; };
		8C5DD9A31BFFAE3000FE103F /* Social.framework */ = {isa = PBXFileReference; lastKnownFileType = wrapper.framework; name = Social.framework; path = System/Library/Frameworks/Social.framework; sourceTree = SDKROOT; };
		8C5DD9A51BFFAE3A00FE103F /* Accounts.framework */ = {isa = PBXFileReference; lastKnownFileType = wrapper.framework; name = Accounts.framework; path = System/Library/Frameworks/Accounts.framework; sourceTree = SDKROOT; };
		8C77BB651BFFA1AA002F6645 /* QueryMe.app */ = {isa = PBXFileReference; explicitFileType = wrapper.application; includeInIndex = 0; path = QueryMe.app; sourceTree = BUILT_PRODUCTS_DIR; };
		8C77BB691BFFA1AA002F6645 /* main.m */ = {isa = PBXFileReference; lastKnownFileType = sourcecode.c.objc; path = main.m; sourceTree = "<group>"; };
		8C77BB6B1BFFA1AA002F6645 /* AppDelegate.h */ = {isa = PBXFileReference; lastKnownFileType = sourcecode.c.h; path = AppDelegate.h; sourceTree = "<group>"; };
		8C77BB6C1BFFA1AA002F6645 /* AppDelegate.m */ = {isa = PBXFileReference; lastKnownFileType = sourcecode.c.objc; path = AppDelegate.m; sourceTree = "<group>"; };
		8C77BB721BFFA1AB002F6645 /* Base */ = {isa = PBXFileReference; lastKnownFileType = file.storyboard; name = Base; path = Base.lproj/Main.storyboard; sourceTree = "<group>"; };
		8C77BB741BFFA1AB002F6645 /* Assets.xcassets */ = {isa = PBXFileReference; lastKnownFileType = folder.assetcatalog; path = Assets.xcassets; sourceTree = "<group>"; };
		8C77BB771BFFA1AB002F6645 /* Base */ = {isa = PBXFileReference; lastKnownFileType = file.storyboard; name = Base; path = Base.lproj/LaunchScreen.storyboard; sourceTree = "<group>"; };
		8C77BB791BFFA1AB002F6645 /* Info.plist */ = {isa = PBXFileReference; lastKnownFileType = text.plist.xml; path = Info.plist; sourceTree = "<group>"; };
		8C77BB7E1BFFA1AB002F6645 /* QueryMeTests.xctest */ = {isa = PBXFileReference; explicitFileType = wrapper.cfbundle; includeInIndex = 0; path = QueryMeTests.xctest; sourceTree = BUILT_PRODUCTS_DIR; };
		8C77BB821BFFA1AB002F6645 /* QueryMeTests.m */ = {isa = PBXFileReference; lastKnownFileType = sourcecode.c.objc; path = QueryMeTests.m; sourceTree = "<group>"; };
		8C77BB841BFFA1AB002F6645 /* Info.plist */ = {isa = PBXFileReference; lastKnownFileType = text.plist.xml; path = Info.plist; sourceTree = "<group>"; };
		8C77BB891BFFA1AB002F6645 /* QueryMeUITests.xctest */ = {isa = PBXFileReference; explicitFileType = wrapper.cfbundle; includeInIndex = 0; path = QueryMeUITests.xctest; sourceTree = BUILT_PRODUCTS_DIR; };
		8C77BB8D1BFFA1AB002F6645 /* QueryMeUITests.m */ = {isa = PBXFileReference; lastKnownFileType = sourcecode.c.objc; path = QueryMeUITests.m; sourceTree = "<group>"; };
		8C77BB8F1BFFA1AB002F6645 /* Info.plist */ = {isa = PBXFileReference; lastKnownFileType = text.plist.xml; path = Info.plist; sourceTree = "<group>"; };
		8C77BBA81BFFA2BE002F6645 /* AudioToolbox.framework */ = {isa = PBXFileReference; lastKnownFileType = wrapper.framework; name = AudioToolbox.framework; path = System/Library/Frameworks/AudioToolbox.framework; sourceTree = SDKROOT; };
		8C77BBAA1BFFA2C6002F6645 /* CFNetwork.framework */ = {isa = PBXFileReference; lastKnownFileType = wrapper.framework; name = CFNetwork.framework; path = System/Library/Frameworks/CFNetwork.framework; sourceTree = SDKROOT; };
		8C77BBAC1BFFA2E9002F6645 /* CoreGraphics.framework */ = {isa = PBXFileReference; lastKnownFileType = wrapper.framework; name = CoreGraphics.framework; path = System/Library/Frameworks/CoreGraphics.framework; sourceTree = SDKROOT; };
		8C77BBAE1BFFA2EF002F6645 /* CoreLocation.framework */ = {isa = PBXFileReference; lastKnownFileType = wrapper.framework; name = CoreLocation.framework; path = System/Library/Frameworks/CoreLocation.framework; sourceTree = SDKROOT; };
		8C77BBB01BFFA2F7002F6645 /* QuartzCore.framework */ = {isa = PBXFileReference; lastKnownFileType = wrapper.framework; name = QuartzCore.framework; path = System/Library/Frameworks/QuartzCore.framework; sourceTree = SDKROOT; };
		8C77BBB21BFFA300002F6645 /* Security.framework */ = {isa = PBXFileReference; lastKnownFileType = wrapper.framework; name = Security.framework; path = System/Library/Frameworks/Security.framework; sourceTree = SDKROOT; };
		8C77BBB61BFFA310002F6645 /* SystemConfiguration.framework */ = {isa = PBXFileReference; lastKnownFileType = wrapper.framework; name = SystemConfiguration.framework; path = System/Library/Frameworks/SystemConfiguration.framework; sourceTree = SDKROOT; };
		8C77BBB81BFFA31C002F6645 /* libz.tbd */ = {isa = PBXFileReference; lastKnownFileType = "sourcecode.text-based-dylib-definition"; name = libz.tbd; path = usr/lib/libz.tbd; sourceTree = SDKROOT; };
		8C77BBBA1BFFA325002F6645 /* libsqlite3.tbd */ = {isa = PBXFileReference; lastKnownFileType = "sourcecode.text-based-dylib-definition"; name = libsqlite3.tbd; path = usr/lib/libsqlite3.tbd; sourceTree = SDKROOT; };
		B18B07BE6F94099A12550FA8 /* libPods-QueryMe.a */ = {isa = PBXFileReference; explicitFileType = archive.ar; includeInIndex = 0; path = "libPods-QueryMe.a"; sourceTree = BUILT_PRODUCTS_DIR; };
/* End PBXFileReference section */

/* Begin PBXFrameworksBuildPhase section */
		8C77BB621BFFA1AA002F6645 /* Frameworks */ = {
			isa = PBXFrameworksBuildPhase;
			buildActionMask = 2147483647;
			files = (
				8C5DD9A61BFFAE3A00FE103F /* Accounts.framework in Frameworks */,
				8C5DD9A41BFFAE3000FE103F /* Social.framework in Frameworks */,
				8C77BBBB1BFFA325002F6645 /* libsqlite3.tbd in Frameworks */,
				8C77BBB91BFFA31C002F6645 /* libz.tbd in Frameworks */,
				8C77BBB71BFFA310002F6645 /* SystemConfiguration.framework in Frameworks */,
				8C77BBB31BFFA300002F6645 /* Security.framework in Frameworks */,
				8C77BBB11BFFA2F7002F6645 /* QuartzCore.framework in Frameworks */,
				8C77BBAF1BFFA2EF002F6645 /* CoreLocation.framework in Frameworks */,
				8C77BBAD1BFFA2E9002F6645 /* CoreGraphics.framework in Frameworks */,
				8C77BBAB1BFFA2C6002F6645 /* CFNetwork.framework in Frameworks */,
				8C77BBA91BFFA2BE002F6645 /* AudioToolbox.framework in Frameworks */,
				DC260399E66A35F186E8A958 /* libPods-QueryMe.a in Frameworks */,
			);
			runOnlyForDeploymentPostprocessing = 0;
		};
		8C77BB7B1BFFA1AB002F6645 /* Frameworks */ = {
			isa = PBXFrameworksBuildPhase;
			buildActionMask = 2147483647;
			files = (
			);
			runOnlyForDeploymentPostprocessing = 0;
		};
		8C77BB861BFFA1AB002F6645 /* Frameworks */ = {
			isa = PBXFrameworksBuildPhase;
			buildActionMask = 2147483647;
			files = (
			);
			runOnlyForDeploymentPostprocessing = 0;
		};
/* End PBXFrameworksBuildPhase section */

/* Begin PBXGroup section */
		14788612CADBF03730CF0A6A /* Pods */ = {
			isa = PBXGroup;
			children = (
				35B45C64662B547683952D02 /* Pods-QueryMe.debug.xcconfig */,
				7AD4BBCB54BE7DF68A6D7501 /* Pods-QueryMe.release.xcconfig */,
			);
			name = Pods;
			sourceTree = "<group>";
		};
		8C1570C91C03DA5500D99382 /* Model */ = {
			isa = PBXGroup;
			children = (
				8C1570CD1C03DBBC00D99382 /* MWUser.h */,
				8C1570CE1C03DBBC00D99382 /* MWUser.m */,
			);
			name = Model;
			sourceTree = "<group>";
		};
		8C3CFA151BFFB2B800CF308E /* Controllers */ = {
			isa = PBXGroup;
			children = (
				8C77BB6B1BFFA1AA002F6645 /* AppDelegate.h */,
				8C77BB6C1BFFA1AA002F6645 /* AppDelegate.m */,
				8C3CFA191BFFCCDD00CF308E /* MWLoginViewController.h */,
				8C3CFA1A1BFFCCDD00CF308E /* MWLoginViewController.m */,
				8C3CFA1C1BFFD17F00CF308E /* MWSignUpViewController.h */,
				8C3CFA1D1BFFD17F00CF308E /* MWSignUpViewController.m */,
				8C4197131C0CD0B800016BA0 /* MainQuestionTableViewController.h */,
				8C4197141C0CD0B800016BA0 /* MainQuestionTableViewController.m */,
				8C41971C1C0E4CFD00016BA0 /* QuestionDetailViewController.h */,
				8C41971D1C0E4CFD00016BA0 /* QuestionDetailViewController.m */,
			);
			name = Controllers;
			sourceTree = "<group>";
		};
		8C4197191C0CF7AA00016BA0 /* View */ = {
			isa = PBXGroup;
			children = (
				8C4197161C0CF7A600016BA0 /* MWTableViewCell.h */,
				8C4197171C0CF7A600016BA0 /* MWTableViewCell.m */,
			);
			name = View;
			sourceTree = "<group>";
		};
		8C77BB5C1BFFA1AA002F6645 = {
			isa = PBXGroup;
			children = (
				8C77BBBC1BFFA396002F6645 /* Frameworks */,
				8C77BB671BFFA1AA002F6645 /* QueryMe */,
				8C77BB811BFFA1AB002F6645 /* QueryMeTests */,
				8C77BB8C1BFFA1AB002F6645 /* QueryMeUITests */,
				8C77BB661BFFA1AA002F6645 /* Products */,
				14788612CADBF03730CF0A6A /* Pods */,
			);
			sourceTree = "<group>";
		};
		8C77BB661BFFA1AA002F6645 /* Products */ = {
			isa = PBXGroup;
			children = (
				8C77BB651BFFA1AA002F6645 /* QueryMe.app */,
				8C77BB7E1BFFA1AB002F6645 /* QueryMeTests.xctest */,
				8C77BB891BFFA1AB002F6645 /* QueryMeUITests.xctest */,
			);
			name = Products;
			sourceTree = "<group>";
		};
		8C77BB671BFFA1AA002F6645 /* QueryMe */ = {
			isa = PBXGroup;
			children = (
				8C1570C91C03DA5500D99382 /* Model */,
				8C4197191C0CF7AA00016BA0 /* View */,
				8C3CFA151BFFB2B800CF308E /* Controllers */,
				8C77BB711BFFA1AB002F6645 /* Main.storyboard */,
				8C77BB741BFFA1AB002F6645 /* Assets.xcassets */,
				8C77BB761BFFA1AB002F6645 /* LaunchScreen.storyboard */,
				8C77BB791BFFA1AB002F6645 /* Info.plist */,
				8C77BB681BFFA1AA002F6645 /* Supporting Files */,
			);
			path = QueryMe;
			sourceTree = "<group>";
		};
		8C77BB681BFFA1AA002F6645 /* Supporting Files */ = {
			isa = PBXGroup;
			children = (
				8C77BB691BFFA1AA002F6645 /* main.m */,
			);
			name = "Supporting Files";
			sourceTree = "<group>";
		};
		8C77BB811BFFA1AB002F6645 /* QueryMeTests */ = {
			isa = PBXGroup;
			children = (
				8C77BB821BFFA1AB002F6645 /* QueryMeTests.m */,
				8C77BB841BFFA1AB002F6645 /* Info.plist */,
			);
			path = QueryMeTests;
			sourceTree = "<group>";
		};
		8C77BB8C1BFFA1AB002F6645 /* QueryMeUITests */ = {
			isa = PBXGroup;
			children = (
				8C77BB8D1BFFA1AB002F6645 /* QueryMeUITests.m */,
				8C77BB8F1BFFA1AB002F6645 /* Info.plist */,
			);
			path = QueryMeUITests;
			sourceTree = "<group>";
		};
		8C77BBBC1BFFA396002F6645 /* Frameworks */ = {
			isa = PBXGroup;
			children = (
				8C5DD9A51BFFAE3A00FE103F /* Accounts.framework */,
				8C5DD9A31BFFAE3000FE103F /* Social.framework */,
				8C77BBBA1BFFA325002F6645 /* libsqlite3.tbd */,
				8C77BBB81BFFA31C002F6645 /* libz.tbd */,
				8C77BBB61BFFA310002F6645 /* SystemConfiguration.framework */,
				8C77BBB21BFFA300002F6645 /* Security.framework */,
				8C77BBB01BFFA2F7002F6645 /* QuartzCore.framework */,
				8C77BBAE1BFFA2EF002F6645 /* CoreLocation.framework */,
				8C77BBAC1BFFA2E9002F6645 /* CoreGraphics.framework */,
				8C77BBAA1BFFA2C6002F6645 /* CFNetwork.framework */,
				8C77BBA81BFFA2BE002F6645 /* AudioToolbox.framework */,
				B18B07BE6F94099A12550FA8 /* libPods-QueryMe.a */,
			);
			name = Frameworks;
			sourceTree = "<group>";
		};
/* End PBXGroup section */

/* Begin PBXNativeTarget section */
		8C77BB641BFFA1AA002F6645 /* QueryMe */ = {
			isa = PBXNativeTarget;
			buildConfigurationList = 8C77BB921BFFA1AB002F6645 /* Build configuration list for PBXNativeTarget "QueryMe" */;
			buildPhases = (
				83C7A7104B42D3DB0B3259DE /* Check Pods Manifest.lock */,
				8C77BB611BFFA1AA002F6645 /* Sources */,
				8C77BB621BFFA1AA002F6645 /* Frameworks */,
				8C77BB631BFFA1AA002F6645 /* Resources */,
				314A02C0C96E9F1E292F97C3 /* Embed Pods Frameworks */,
				EF419E5290A94A37D44C47B1 /* Copy Pods Resources */,
			);
			buildRules = (
			);
			dependencies = (
			);
			name = QueryMe;
			productName = QueryMe;
			productReference = 8C77BB651BFFA1AA002F6645 /* QueryMe.app */;
			productType = "com.apple.product-type.application";
		};
		8C77BB7D1BFFA1AB002F6645 /* QueryMeTests */ = {
			isa = PBXNativeTarget;
			buildConfigurationList = 8C77BB951BFFA1AB002F6645 /* Build configuration list for PBXNativeTarget "QueryMeTests" */;
			buildPhases = (
				8C77BB7A1BFFA1AB002F6645 /* Sources */,
				8C77BB7B1BFFA1AB002F6645 /* Frameworks */,
				8C77BB7C1BFFA1AB002F6645 /* Resources */,
			);
			buildRules = (
			);
			dependencies = (
				8C77BB801BFFA1AB002F6645 /* PBXTargetDependency */,
			);
			name = QueryMeTests;
			productName = QueryMeTests;
			productReference = 8C77BB7E1BFFA1AB002F6645 /* QueryMeTests.xctest */;
			productType = "com.apple.product-type.bundle.unit-test";
		};
		8C77BB881BFFA1AB002F6645 /* QueryMeUITests */ = {
			isa = PBXNativeTarget;
			buildConfigurationList = 8C77BB981BFFA1AB002F6645 /* Build configuration list for PBXNativeTarget "QueryMeUITests" */;
			buildPhases = (
				8C77BB851BFFA1AB002F6645 /* Sources */,
				8C77BB861BFFA1AB002F6645 /* Frameworks */,
				8C77BB871BFFA1AB002F6645 /* Resources */,
			);
			buildRules = (
			);
			dependencies = (
				8C77BB8B1BFFA1AB002F6645 /* PBXTargetDependency */,
			);
			name = QueryMeUITests;
			productName = QueryMeUITests;
			productReference = 8C77BB891BFFA1AB002F6645 /* QueryMeUITests.xctest */;
			productType = "com.apple.product-type.bundle.ui-testing";
		};
/* End PBXNativeTarget section */

/* Begin PBXProject section */
		8C77BB5D1BFFA1AA002F6645 /* Project object */ = {
			isa = PBXProject;
			attributes = {
				LastUpgradeCheck = 0710;
				ORGANIZATIONNAME = "Ryan Walker";
				TargetAttributes = {
					8C77BB641BFFA1AA002F6645 = {
						CreatedOnToolsVersion = 7.1.1;
						DevelopmentTeam = FUDL6QAR5W;
						SystemCapabilities = {
							com.apple.InAppPurchase = {
								enabled = 0;
							};
						};
					};
					8C77BB7D1BFFA1AB002F6645 = {
						CreatedOnToolsVersion = 7.1.1;
						TestTargetID = 8C77BB641BFFA1AA002F6645;
					};
					8C77BB881BFFA1AB002F6645 = {
						CreatedOnToolsVersion = 7.1.1;
						TestTargetID = 8C77BB641BFFA1AA002F6645;
					};
				};
			};
			buildConfigurationList = 8C77BB601BFFA1AA002F6645 /* Build configuration list for PBXProject "QueryMe" */;
			compatibilityVersion = "Xcode 3.2";
			developmentRegion = English;
			hasScannedForEncodings = 0;
			knownRegions = (
				en,
				Base,
			);
			mainGroup = 8C77BB5C1BFFA1AA002F6645;
			productRefGroup = 8C77BB661BFFA1AA002F6645 /* Products */;
			projectDirPath = "";
			projectRoot = "";
			targets = (
				8C77BB641BFFA1AA002F6645 /* QueryMe */,
				8C77BB7D1BFFA1AB002F6645 /* QueryMeTests */,
				8C77BB881BFFA1AB002F6645 /* QueryMeUITests */,
			);
		};
/* End PBXProject section */

/* Begin PBXResourcesBuildPhase section */
		8C77BB631BFFA1AA002F6645 /* Resources */ = {
			isa = PBXResourcesBuildPhase;
			buildActionMask = 2147483647;
			files = (
				8C77BB781BFFA1AB002F6645 /* LaunchScreen.storyboard in Resources */,
				8C77BB751BFFA1AB002F6645 /* Assets.xcassets in Resources */,
				8C77BB731BFFA1AB002F6645 /* Main.storyboard in Resources */,
			);
			runOnlyForDeploymentPostprocessing = 0;
		};
		8C77BB7C1BFFA1AB002F6645 /* Resources */ = {
			isa = PBXResourcesBuildPhase;
			buildActionMask = 2147483647;
			files = (
			);
			runOnlyForDeploymentPostprocessing = 0;
		};
		8C77BB871BFFA1AB002F6645 /* Resources */ = {
			isa = PBXResourcesBuildPhase;
			buildActionMask = 2147483647;
			files = (
			);
			runOnlyForDeploymentPostprocessing = 0;
		};
/* End PBXResourcesBuildPhase section */

/* Begin PBXShellScriptBuildPhase section */
		314A02C0C96E9F1E292F97C3 /* Embed Pods Frameworks */ = {
			isa = PBXShellScriptBuildPhase;
			buildActionMask = 2147483647;
			files = (
			);
			inputPaths = (
			);
			name = "Embed Pods Frameworks";
			outputPaths = (
			);
			runOnlyForDeploymentPostprocessing = 0;
			shellPath = /bin/sh;
			shellScript = "\"${SRCROOT}/Pods/Target Support Files/Pods-QueryMe/Pods-QueryMe-frameworks.sh\"\n";
			showEnvVarsInLog = 0;
		};
		83C7A7104B42D3DB0B3259DE /* Check Pods Manifest.lock */ = {
			isa = PBXShellScriptBuildPhase;
			buildActionMask = 2147483647;
			files = (
			);
			inputPaths = (
			);
			name = "Check Pods Manifest.lock";
			outputPaths = (
			);
			runOnlyForDeploymentPostprocessing = 0;
			shellPath = /bin/sh;
			shellScript = "diff \"${PODS_ROOT}/../Podfile.lock\" \"${PODS_ROOT}/Manifest.lock\" > /dev/null\nif [[ $? != 0 ]] ; then\n    cat << EOM\nerror: The sandbox is not in sync with the Podfile.lock. Run 'pod install' or update your CocoaPods installation.\nEOM\n    exit 1\nfi\n";
			showEnvVarsInLog = 0;
		};
		EF419E5290A94A37D44C47B1 /* Copy Pods Resources */ = {
			isa = PBXShellScriptBuildPhase;
			buildActionMask = 2147483647;
			files = (
			);
			inputPaths = (
			);
			name = "Copy Pods Resources";
			outputPaths = (
			);
			runOnlyForDeploymentPostprocessing = 0;
			shellPath = /bin/sh;
			shellScript = "\"${SRCROOT}/Pods/Target Support Files/Pods-QueryMe/Pods-QueryMe-resources.sh\"\n";
			showEnvVarsInLog = 0;
		};
/* End PBXShellScriptBuildPhase section */

/* Begin PBXSourcesBuildPhase section */
		8C77BB611BFFA1AA002F6645 /* Sources */ = {
			isa = PBXSourcesBuildPhase;
			buildActionMask = 2147483647;
			files = (
				8C3CFA1E1BFFD17F00CF308E /* MWSignUpViewController.m in Sources */,
				8C77BB6D1BFFA1AA002F6645 /* AppDelegate.m in Sources */,
				8C4197181C0CF7A600016BA0 /* MWTableViewCell.m in Sources */,
				8C41971E1C0E4CFD00016BA0 /* QuestionDetailViewController.m in Sources */,
				8C3CFA1B1BFFCCDD00CF308E /* MWLoginViewController.m in Sources */,
				8C1570CF1C03DBBC00D99382 /* MWUser.m in Sources */,
				8C4197151C0CD0B800016BA0 /* MainQuestionTableViewController.m in Sources */,
				8C77BB6A1BFFA1AA002F6645 /* main.m in Sources */,
			);
			runOnlyForDeploymentPostprocessing = 0;
		};
		8C77BB7A1BFFA1AB002F6645 /* Sources */ = {
			isa = PBXSourcesBuildPhase;
			buildActionMask = 2147483647;
			files = (
				8C77BB831BFFA1AB002F6645 /* QueryMeTests.m in Sources */,
			);
			runOnlyForDeploymentPostprocessing = 0;
		};
		8C77BB851BFFA1AB002F6645 /* Sources */ = {
			isa = PBXSourcesBuildPhase;
			buildActionMask = 2147483647;
			files = (
				8C77BB8E1BFFA1AB002F6645 /* QueryMeUITests.m in Sources */,
			);
			runOnlyForDeploymentPostprocessing = 0;
		};
/* End PBXSourcesBuildPhase section */

/* Begin PBXTargetDependency section */
		8C77BB801BFFA1AB002F6645 /* PBXTargetDependency */ = {
			isa = PBXTargetDependency;
			target = 8C77BB641BFFA1AA002F6645 /* QueryMe */;
			targetProxy = 8C77BB7F1BFFA1AB002F6645 /* PBXContainerItemProxy */;
		};
		8C77BB8B1BFFA1AB002F6645 /* PBXTargetDependency */ = {
			isa = PBXTargetDependency;
			target = 8C77BB641BFFA1AA002F6645 /* QueryMe */;
			targetProxy = 8C77BB8A1BFFA1AB002F6645 /* PBXContainerItemProxy */;
		};
/* End PBXTargetDependency section */

/* Begin PBXVariantGroup section */
		8C77BB711BFFA1AB002F6645 /* Main.storyboard */ = {
			isa = PBXVariantGroup;
			children = (
				8C77BB721BFFA1AB002F6645 /* Base */,
			);
			name = Main.storyboard;
			sourceTree = "<group>";
		};
		8C77BB761BFFA1AB002F6645 /* LaunchScreen.storyboard */ = {
			isa = PBXVariantGroup;
			children = (
				8C77BB771BFFA1AB002F6645 /* Base */,
			);
			name = LaunchScreen.storyboard;
			sourceTree = "<group>";
		};
/* End PBXVariantGroup section */

/* Begin XCBuildConfiguration section */
		8C77BB901BFFA1AB002F6645 /* Debug */ = {
			isa = XCBuildConfiguration;
			buildSettings = {
				ALWAYS_SEARCH_USER_PATHS = NO;
				CLANG_CXX_LANGUAGE_STANDARD = "gnu++0x";
				CLANG_CXX_LIBRARY = "libc++";
				CLANG_ENABLE_MODULES = YES;
				CLANG_ENABLE_OBJC_ARC = YES;
				CLANG_WARN_BOOL_CONVERSION = YES;
				CLANG_WARN_CONSTANT_CONVERSION = YES;
				CLANG_WARN_DIRECT_OBJC_ISA_USAGE = YES_ERROR;
				CLANG_WARN_EMPTY_BODY = YES;
				CLANG_WARN_ENUM_CONVERSION = YES;
				CLANG_WARN_INT_CONVERSION = YES;
				CLANG_WARN_OBJC_ROOT_CLASS = YES_ERROR;
				CLANG_WARN_UNREACHABLE_CODE = YES;
				CLANG_WARN__DUPLICATE_METHOD_MATCH = YES;
				"CODE_SIGN_IDENTITY[sdk=iphoneos*]" = "iPhone Developer";
				COPY_PHASE_STRIP = NO;
				DEBUG_INFORMATION_FORMAT = dwarf;
				ENABLE_STRICT_OBJC_MSGSEND = YES;
				ENABLE_TESTABILITY = YES;
				GCC_C_LANGUAGE_STANDARD = gnu99;
				GCC_DYNAMIC_NO_PIC = NO;
				GCC_NO_COMMON_BLOCKS = YES;
				GCC_OPTIMIZATION_LEVEL = 0;
				GCC_PREPROCESSOR_DEFINITIONS = (
					"DEBUG=1",
					"$(inherited)",
				);
				GCC_WARN_64_TO_32_BIT_CONVERSION = YES;
				GCC_WARN_ABOUT_RETURN_TYPE = YES_ERROR;
				GCC_WARN_UNDECLARED_SELECTOR = YES;
				GCC_WARN_UNINITIALIZED_AUTOS = YES_AGGRESSIVE;
				GCC_WARN_UNUSED_FUNCTION = YES;
				GCC_WARN_UNUSED_VARIABLE = YES;
				IPHONEOS_DEPLOYMENT_TARGET = 9.1;
				MTL_ENABLE_DEBUG_INFO = YES;
				ONLY_ACTIVE_ARCH = YES;
				SDKROOT = iphoneos;
				TARGETED_DEVICE_FAMILY = "1,2";
			};
			name = Debug;
		};
		8C77BB911BFFA1AB002F6645 /* Release */ = {
			isa = XCBuildConfiguration;
			buildSettings = {
				ALWAYS_SEARCH_USER_PATHS = NO;
				CLANG_CXX_LANGUAGE_STANDARD = "gnu++0x";
				CLANG_CXX_LIBRARY = "libc++";
				CLANG_ENABLE_MODULES = YES;
				CLANG_ENABLE_OBJC_ARC = YES;
				CLANG_WARN_BOOL_CONVERSION = YES;
				CLANG_WARN_CONSTANT_CONVERSION = YES;
				CLANG_WARN_DIRECT_OBJC_ISA_USAGE = YES_ERROR;
				CLANG_WARN_EMPTY_BODY = YES;
				CLANG_WARN_ENUM_CONVERSION = YES;
				CLANG_WARN_INT_CONVERSION = YES;
				CLANG_WARN_OBJC_ROOT_CLASS = YES_ERROR;
				CLANG_WARN_UNREACHABLE_CODE = YES;
				CLANG_WARN__DUPLICATE_METHOD_MATCH = YES;
				"CODE_SIGN_IDENTITY[sdk=iphoneos*]" = "iPhone Developer";
				COPY_PHASE_STRIP = NO;
				DEBUG_INFORMATION_FORMAT = "dwarf-with-dsym";
				ENABLE_NS_ASSERTIONS = NO;
				ENABLE_STRICT_OBJC_MSGSEND = YES;
				GCC_C_LANGUAGE_STANDARD = gnu99;
				GCC_NO_COMMON_BLOCKS = YES;
				GCC_WARN_64_TO_32_BIT_CONVERSION = YES;
				GCC_WARN_ABOUT_RETURN_TYPE = YES_ERROR;
				GCC_WARN_UNDECLARED_SELECTOR = YES;
				GCC_WARN_UNINITIALIZED_AUTOS = YES_AGGRESSIVE;
				GCC_WARN_UNUSED_FUNCTION = YES;
				GCC_WARN_UNUSED_VARIABLE = YES;
				IPHONEOS_DEPLOYMENT_TARGET = 9.1;
				MTL_ENABLE_DEBUG_INFO = NO;
				SDKROOT = iphoneos;
				TARGETED_DEVICE_FAMILY = "1,2";
				VALIDATE_PRODUCT = YES;
			};
			name = Release;
		};
		8C77BB931BFFA1AB002F6645 /* Debug */ = {
			isa = XCBuildConfiguration;
			baseConfigurationReference = 35B45C64662B547683952D02 /* Pods-QueryMe.debug.xcconfig */;
			buildSettings = {
				ASSETCATALOG_COMPILER_APPICON_NAME = AppIcon;
				CLANG_ALLOW_NON_MODULAR_INCLUDES_IN_FRAMEWORK_MODULES = YES;
				FRAMEWORK_SEARCH_PATHS = (
					"$(inherited)",
					"$(PROJECT_DIR)/QueryMe/parse-library-1.10.0",
					"$(PROJECT_DIR)",
				);
				"FRAMEWORK_SEARCH_PATHS[arch=*]" = /Users/maddenwalker/Documents/FacebookSDK;
				INFOPLIST_FILE = QueryMe/Info.plist;
				LD_RUNPATH_SEARCH_PATHS = "$(inherited) @executable_path/Frameworks";
				PRODUCT_BUNDLE_IDENTIFIER = com.maddenwalker.QueryMe;
				PRODUCT_NAME = "$(TARGET_NAME)";
			};
			name = Debug;
		};
		8C77BB941BFFA1AB002F6645 /* Release */ = {
			isa = XCBuildConfiguration;
			baseConfigurationReference = 7AD4BBCB54BE7DF68A6D7501 /* Pods-QueryMe.release.xcconfig */;
			buildSettings = {
				ASSETCATALOG_COMPILER_APPICON_NAME = AppIcon;
				CLANG_ALLOW_NON_MODULAR_INCLUDES_IN_FRAMEWORK_MODULES = YES;
				FRAMEWORK_SEARCH_PATHS = (
					"$(inherited)",
					"$(PROJECT_DIR)/QueryMe/parse-library-1.10.0",
					"$(PROJECT_DIR)",
				);
				"FRAMEWORK_SEARCH_PATHS[arch=*]" = /Users/maddenwalker/Documents/FacebookSDK;
				INFOPLIST_FILE = QueryMe/Info.plist;
				LD_RUNPATH_SEARCH_PATHS = "$(inherited) @executable_path/Frameworks";
				PRODUCT_BUNDLE_IDENTIFIER = com.maddenwalker.QueryMe;
				PRODUCT_NAME = "$(TARGET_NAME)";
			};
			name = Release;
		};
		8C77BB961BFFA1AB002F6645 /* Debug */ = {
			isa = XCBuildConfiguration;
			buildSettings = {
				BUNDLE_LOADER = "$(TEST_HOST)";
				INFOPLIST_FILE = QueryMeTests/Info.plist;
				LD_RUNPATH_SEARCH_PATHS = "$(inherited) @executable_path/Frameworks @loader_path/Frameworks";
				PRODUCT_BUNDLE_IDENTIFIER = com.maddenwalker.QueryMeTests;
				PRODUCT_NAME = "$(TARGET_NAME)";
				TEST_HOST = "$(BUILT_PRODUCTS_DIR)/QueryMe.app/QueryMe";
			};
			name = Debug;
		};
		8C77BB971BFFA1AB002F6645 /* Release */ = {
			isa = XCBuildConfiguration;
			buildSettings = {
				BUNDLE_LOADER = "$(TEST_HOST)";
				INFOPLIST_FILE = QueryMeTests/Info.plist;
				LD_RUNPATH_SEARCH_PATHS = "$(inherited) @executable_path/Frameworks @loader_path/Frameworks";
				PRODUCT_BUNDLE_IDENTIFIER = com.maddenwalker.QueryMeTests;
				PRODUCT_NAME = "$(TARGET_NAME)";
				TEST_HOST = "$(BUILT_PRODUCTS_DIR)/QueryMe.app/QueryMe";
			};
			name = Release;
		};
		8C77BB991BFFA1AB002F6645 /* Debug */ = {
			isa = XCBuildConfiguration;
			buildSettings = {
				INFOPLIST_FILE = QueryMeUITests/Info.plist;
				LD_RUNPATH_SEARCH_PATHS = "$(inherited) @executable_path/Frameworks @loader_path/Frameworks";
				PRODUCT_BUNDLE_IDENTIFIER = com.maddenwalker.QueryMeUITests;
				PRODUCT_NAME = "$(TARGET_NAME)";
				TEST_TARGET_NAME = QueryMe;
				USES_XCTRUNNER = YES;
			};
			name = Debug;
		};
		8C77BB9A1BFFA1AB002F6645 /* Release */ = {
			isa = XCBuildConfiguration;
			buildSettings = {
				INFOPLIST_FILE = QueryMeUITests/Info.plist;
				LD_RUNPATH_SEARCH_PATHS = "$(inherited) @executable_path/Frameworks @loader_path/Frameworks";
				PRODUCT_BUNDLE_IDENTIFIER = com.maddenwalker.QueryMeUITests;
				PRODUCT_NAME = "$(TARGET_NAME)";
				TEST_TARGET_NAME = QueryMe;
				USES_XCTRUNNER = YES;
			};
			name = Release;
		};
/* End XCBuildConfiguration section */

/* Begin XCConfigurationList section */
		8C77BB601BFFA1AA002F6645 /* Build configuration list for PBXProject "QueryMe" */ = {
			isa = XCConfigurationList;
			buildConfigurations = (
				8C77BB901BFFA1AB002F6645 /* Debug */,
				8C77BB911BFFA1AB002F6645 /* Release */,
			);
			defaultConfigurationIsVisible = 0;
			defaultConfigurationName = Release;
		};
		8C77BB921BFFA1AB002F6645 /* Build configuration list for PBXNativeTarget "QueryMe" */ = {
			isa = XCConfigurationList;
			buildConfigurations = (
				8C77BB931BFFA1AB002F6645 /* Debug */,
				8C77BB941BFFA1AB002F6645 /* Release */,
			);
			defaultConfigurationIsVisible = 0;
			defaultConfigurationName = Release;
		};
		8C77BB951BFFA1AB002F6645 /* Build configuration list for PBXNativeTarget "QueryMeTests" */ = {
			isa = XCConfigurationList;
			buildConfigurations = (
				8C77BB961BFFA1AB002F6645 /* Debug */,
				8C77BB971BFFA1AB002F6645 /* Release */,
			);
			defaultConfigurationIsVisible = 0;
			defaultConfigurationName = Release;
		};
		8C77BB981BFFA1AB002F6645 /* Build configuration list for PBXNativeTarget "QueryMeUITests" */ = {
			isa = XCConfigurationList;
			buildConfigurations = (
				8C77BB991BFFA1AB002F6645 /* Debug */,
				8C77BB9A1BFFA1AB002F6645 /* Release */,
			);
			defaultConfigurationIsVisible = 0;
			defaultConfigurationName = Release;
		};
/* End XCConfigurationList section */
	};
	rootObject = 8C77BB5D1BFFA1AA002F6645 /* Project object */;
}
